{
  "name": "Zelos",
  "lockfileVersion": 3,
  "requires": true,
  "packages": {
    "": {
      "dependencies": {
        "@supabase/supabase-js": "^2.108.1",
        "@tanstack/react-query": "^5.101.0",
        "framer-motion": "^12.40.0",
        "lucide-react": "^1.18.0",
        "react-hook-form": "^7.79.0",
        "sonner": "^2.0.7"
      }
    },
    "node_modules/@supabase/auth-js": {
      "version": "2.108.1",
      "resolved": "https://registry.npmjs.org/@supabase/auth-js/-/auth-js-2.108.1.tgz",
      "integrity": "sha512-Lle5rKU8f9LF3K5dDd8Or8mkkG+ptzRZZWKPVMm9B9UuovH65Ss2+iFnQqRsCqaGouvJEcTWyl0cj2riNrrDLQ==",
      "license": "MIT",
      "dependencies": {
        "tslib": "2.8.1"
      },
      "engines": {
        "node": ">=20.0.0"
      }
    },
    "node_modules/@supabase/functions-js": {
      "version": "2.108.1",
      "resolved": "https://registry.npmjs.org/@supabase/functions-js/-/functions-js-2.108.1.tgz",
      "integrity": "sha512-fxBRW/A4IG7ADQztVt0NaEy5ysiO1WJ2pbldsnBchrkHuyepX0Krek9qA9T4gUQBVVTCE9Ea4pdsM5hfn3nc4A==",
      "license": "MIT",
      "dependencies": {
        "tslib": "2.8.1"
      },
      "engines": {
        "node": ">=20.0.0"
      }
    },
    "node_modules/@supabase/phoenix": {
      "version": "0.4.2",
      "resolved": "https://registry.npmjs.org/@supabase/phoenix/-/phoenix-0.4.2.tgz",
      "integrity": "sha512-YSAGnmDAfuleFCVt3CeurQZAhxRfXWeZIIkwp7NhYzQ1UwW6ePSnzsFAiUm/mbCkfoCf70QQHKW/K6RKh52a4A==",
      "license": "MIT"
    },
    "node_modules/@supabase/postgrest-js": {
      "version": "2.108.1",
      "resolved": "https://registry.npmjs.org/@supabase/postgrest-js/-/postgrest-js-2.108.1.tgz",
      "integrity": "sha512-9lj2MCPPMgSTaJ5y+amnhb3TWPtMFVlbDn2hmX/VV91xQU4j0AauwfMaBErHBJ+zzsSwjc0jLU+zLIZFLQzfig==",
      "license": "MIT",
      "dependencies": {
        "tslib": "2.8.1"
      },
      "engines": {
        "node": ">=20.0.0"
      }
    },
    "node_modules/@supabase/realtime-js": {
      "version": "2.108.1",
      "resolved": "https://registry.npmjs.org/@supabase/realtime-js/-/realtime-js-2.108.1.tgz",
      "integrity": "sha512-mHGGqOjwd1XTydcoffUqEMsbFQHUi6A3uhQ0EXr3iqzpLqItxKA9nbN6gIQxrZ7JRRnuUe/iOFPUkYV9Tdc5lg==",
      "license": "MIT",
      "dependencies": {
        "@supabase/phoenix": "^0.4.2",
        "tslib": "2.8.1"
      },
      "engines": {
        "node": ">=20.0.0"
      }
    },
    "node_modules/@supabase/storage-js": {
      "version": "2.108.1",
      "resolved": "https://registry.npmjs.org/@supabase/storage-js/-/storage-js-2.108.1.tgz",
      "integrity": "sha512-Er0SGGt85iT6ye+SSh98Az6L2CesoZJuyzEZYH2oBOAnIxa9Nn4CtwUC3veGxYggoT56X+3tVuuQeDBP8kR8sg==",
      "license": "MIT",
      "dependencies": {
        "iceberg-js": "^0.8.1",
        "tslib": "2.8.1"
      },
      "engines": {
        "node": ">=20.0.0"
      }
    },
    "node_modules/@supabase/supabase-js": {
      "version": "2.108.1",
      "resolved": "https://registry.npmjs.org/@supabase/supabase-js/-/supabase-js-2.108.1.tgz",
      "integrity": "sha512-V/1hRKLSCJ0zEL+9QFRBUtivvePfOsaAYQmC0HhFNSHC2F3xFs4jSF3YhkLmzex6E4V4FGvmBDOP72D/53NnZA==",
      "license": "MIT",
      "dependencies": {
        "@supabase/auth-js": "2.108.1",
        "@supabase/functions-js": "2.108.1",
        "@supabase/postgrest-js": "2.108.1",
        "@supabase/realtime-js": "2.108.1",
        "@supabase/storage-js": "2.108.1"
      },
      "engines": {
        "node": ">=20.0.0"
      }
    },
    "node_modules/@tanstack/query-core": {
      "version": "5.101.0",
      "resolved": "https://registry.npmjs.org/@tanstack/query-core/-/query-core-5.101.0.tgz",
      "integrity": "sha512-cQetA74EB+seWySv1TTKr828TnP0u39m6LykwDXIo84SNortpDkp30TMEjkqtYCNP9c40uT/iwl6MLiufEt0Ow==",
      "license": "MIT",
      "funding": {
        "type": "github",
        "url": "https://github.com/sponsors/tannerlinsley"
      }
    },
    "node_modules/@tanstack/react-query": {
      "version": "5.101.0",
      "resolved": "https://registry.npmjs.org/@tanstack/react-query/-/react-query-5.101.0.tgz",
      "integrity": "sha512-rLlJXSpkqfizLWgkR5+eLeIk0MvTx/meEIR7LRjxic+qxiQP8zVjq7BqQkiCMNLQBlLfuOLqqr6KO5GtrDlmSg==",
      "license": "MIT",
      "dependencies": {
        "@tanstack/query-core": "5.101.0"
      },
      "funding": {
        "type": "github",
        "url": "https://github.com/sponsors/tannerlinsley"
      },
      "peerDependencies": {
        "react": "^18 || ^19"
      }
    },
    "node_modules/framer-motion": {
      "version": "12.40.0",
      "resolved": "https://registry.npmjs.org/framer-motion/-/framer-motion-12.40.0.tgz",
      "integrity": "sha512-uaBd3qC1v3KQqBEjwTUd183K6PbS+j0yR9w9VmEOLWA/tnUcSn8Xa3uck7t4dgpDoUss8xQTcj8W2L07lrnLFg==",
      "license": "MIT",
      "dependencies": {
        "motion-dom": "^12.40.0",
        "motion-utils": "^12.39.0",
        "tslib": "^2.4.0"
      },
      "peerDependencies": {
        "@emotion/is-prop-valid": "*",
        "react": "^18.0.0 || ^19.0.0",
        "react-dom": "^18.0.0 || ^19.0.0"
      },
      "peerDependenciesMeta": {
        "@emotion/is-prop-valid": {
          "optional": true
        },
        "react": {
          "optional": true
        },
        "react-dom": {
          "optional": true
        }
      }
    },
    "node_modules/iceberg-js": {
      "version": "0.8.1",
      "resolved": "https://registry.npmjs.org/iceberg-js/-/iceberg-js-0.8.1.tgz",
      "integrity": "sha512-1dhVQZXhcHje7798IVM+xoo/1ZdVfzOMIc8/rgVSijRK38EDqOJoGula9N/8ZI5RD8QTxNQtK/Gozpr+qUqRRA==",
      "license": "MIT",
      "engines": {
        "node": ">=20.0.0"
      }
    },
    "node_modules/lucide-react": {
      "version": "1.18.0",
      "resolved": "https://registry.npmjs.org/lucide-react/-/lucide-react-1.18.0.tgz",
      "integrity": "sha512-LZDb7H/0YfM+RJncD0hDQRCAu+vSGODqpe35TuVI8EuXaRjkczbsx7p8dY4J87F/MUSj6bpYqeI8nw8qXaAdmA==",
      "license": "ISC",
      "peerDependencies": {
        "react": "^16.5.1 || ^17.0.0 || ^18.0.0 || ^19.0.0"
      }
    },
    "node_modules/motion-dom": {
      "version": "12.40.0",
      "resolved": "https://registry.npmjs.org/motion-dom/-/motion-dom-12.40.0.tgz",
      "integrity": "sha512-HxU3ZaBwNPVQUBQf1xxgq+7JrPNZvjLVxgbpEZL7RrWJnsxOf0/OM+yrHG9ogLQ31Do/r57Oz2gQWPK+6q62mg==",
      "license": "MIT",
      "dependencies": {
        "motion-utils": "^12.39.0"
      }
    },
    "node_modules/motion-utils": {
      "version": "12.39.0",
      "resolved": "https://registry.npmjs.org/motion-utils/-/motion-utils-12.39.0.tgz",
      "integrity": "sha512-8nadJAJjTtqRkmRF36FoJTrywK9nnFmnPwnSMyxaOCU7GDjN9RTMJIxx9De8ErM+vpPhMccr/6fo5WciyQLnMQ==",
      "license": "MIT"
    },
    "node_modules/react": {
      "version": "19.2.7",
      "resolved": "https://registry.npmjs.org/react/-/react-19.2.7.tgz",
      "integrity": "sha512-HNe9WslTbXmFK8o8cmwgAeJFSBvt1bPdHCVKtaaV+WlAN36mpT4hcRpwbf3fY56ar2oIXzsBpOAiIRHAdY0OlQ==",
      "license": "MIT",
      "peer": true,
      "engines": {
        "node": ">=0.10.0"
      }
    },
    "node_modules/react-dom": {
      "version": "19.2.7",
      "resolved": "https://registry.npmjs.org/react-dom/-/react-dom-19.2.7.tgz",
      "integrity": "sha512-t0BRVXvbiE/o20Hfw669rLbMCDWtYZLvmJigy2f0MxsXF+71pxhR3xOkspmsO8h3ZlNzyibAmtCa3l4lYKk6gQ==",
      "license": "MIT",
      "peer": true,
      "dependencies": {
        "scheduler": "^0.27.0"
      },
      "peerDependencies": {
        "react": "^19.2.7"
      }
    },
    "node_modules/react-hook-form": {
      "version": "7.79.0",
      "resolved": "https://registry.npmjs.org/react-hook-form/-/react-hook-form-7.79.0.tgz",
      "integrity": "sha512-mhYp/MTmXvzYX6AJcJVko0rktoIhhmRnEouObj4wF5i/tCttgJvnp1+9wRkpITZjDTqpo4IOSJqu0dBlPlV/Lw==",
      "license": "MIT",
      "engines": {
        "node": ">=18.0.0"
      },
      "funding": {
        "type": "opencollective",
        "url": "https://opencollective.com/react-hook-form"
      },
      "peerDependencies": {
        "react": "^16.8.0 || ^17 || ^18 || ^19"
      }
    },
    "node_modules/scheduler": {
      "version": "0.27.0",
      "resolved": "https://registry.npmjs.org/scheduler/-/scheduler-0.27.0.tgz",
      "integrity": "sha512-eNv+WrVbKu1f3vbYJT/xtiF5syA5HPIMtf9IgY/nKg0sWqzAUEvqY/xm7OcZc/qafLx/iO9FgOmeSAp4v5ti/Q==",
      "license": "MIT",
      "peer": true
    },
    "node_modules/sonner": {
      "version": "2.0.7",
      "resolved": "https://registry.npmjs.org/sonner/-/sonner-2.0.7.tgz",
      "integrity": "sha512-W6ZN4p58k8aDKA4XPcx2hpIQXBRAgyiWVkYhT7CvK6D3iAu7xjvVyhQHg2/iaKJZ1XVJ4r7XuwGL+WGEK37i9w==",
      "license": "MIT",
      "peerDependencies": {
        "react": "^18.0.0 || ^19.0.0 || ^19.0.0-rc",
        "react-dom": "^18.0.0 || ^19.0.0 || ^19.0.0-rc"
      }
    },
    "node_modules/tslib": {
      "version": "2.8.1",
      "resolved": "https://registry.npmjs.org/tslib/-/tslib-2.8.1.tgz",
      "integrity": "sha512-oJFu94HQb+KVduSUQL7wnpmqnfmLsOA/nAh6b6EH0wCEoK0/mPeXU6c3wKDV83MkOuHPRHtSXKKU99IBazS/2w==",
      "license": "0BSD"
    }
  }
}
